PODS:
  - BitmarkSDK (2.3.0):
    - KeychainAccess
    - TweetNacl
  - iCloudDocumentSync (7.4.1)
  - KeychainAccess (3.1.2)
  - TweetNacl (1.0.1)

DEPENDENCIES:
  - BitmarkSDK (from `https://github.com/bitmark-inc/bitmark-sdk-swift.git`, branch `master`)
  - iCloudDocumentSync
  - KeychainAccess

SPEC REPOS:
  https://github.com/cocoapods/specs.git:
    - iCloudDocumentSync
    - KeychainAccess
    - TweetNacl

EXTERNAL SOURCES:
  BitmarkSDK:
    :branch: master
    :git: https://github.com/bitmark-inc/bitmark-sdk-swift.git

CHECKOUT OPTIONS:
  BitmarkSDK:
    :commit: 37e5736519c42e4d87e68c97e0215d462533fd96
    :git: https://github.com/bitmark-inc/bitmark-sdk-swift.git

SPEC CHECKSUMS:
  BitmarkSDK: 0d5c89730c36cf0eda7d0d1995bc60fdf9972e75
  iCloudDocumentSync: 961aac30ca09c221de4c236e94dae69912f2c589
  KeychainAccess: b3816fddcf28aa29d94b10ec305cd52be14c472b
  TweetNacl: ea279cd32bffee69c59c73631470d3419db675df

PODFILE CHECKSUM: 2eccd54a9cbecc9f859846519cfee883b9824531

COCOAPODS: 1.5.3
