PODS:
  - BitmarkSDK (2.3.0):
    - KeychainAccess
    - TweetNacl
  - KeychainAccess (3.1.2)
  - TweetNacl (1.0.1)

DEPENDENCIES:
  - BitmarkSDK
  - KeychainAccess

SPEC REPOS:
  https://github.com/cocoapods/specs.git:
    - BitmarkSDK
    - KeychainAccess
    - TweetNacl

SPEC CHECKSUMS:
  BitmarkSDK: 0d5c89730c36cf0eda7d0d1995bc60fdf9972e75
  KeychainAccess: b3816fddcf28aa29d94b10ec305cd52be14c472b
  TweetNacl: ea279cd32bffee69c59c73631470d3419db675df

PODFILE CHECKSUM: 6235b0f757b5fd3633e98241e705820c628f2392

COCOAPODS: 1.5.3
